
Microsoft Visual Studio Solution File, Format Version 11.00
# Visual Studio 2010
Project("{FAE04EC0-301F-11D3-BF4B-00C04F79EFBC}") = "QuanLyTiemVang", "QuanLyTiemVang\QuanLyTiemVang.csproj", "{3614A00B-8533-480D-93E4-F0B531D0597A}"
EndProject
Global
	GlobalSection(SolutionConfigurationPlatforms) = preSolution
		Debug|x86 = Debug|x86
		Release|x86 = Release|x86
	EndGlobalSection
	GlobalSection(ProjectConfigurationPlatforms) = postSolution
		{3614A00B-8533-480D-93E4-F0B531D0597A}.Debug|x86.ActiveCfg = Debug|x86
		{3614A00B-8533-480D-93E4-F0B531D0597A}.Debug|x86.Build.0 = Debug|x86
		{3614A00B-8533-480D-93E4-F0B531D0597A}.Release|x86.ActiveCfg = Release|x86
		{3614A00B-8533-480D-93E4-F0B531D0597A}.Release|x86.Build.0 = Release|x86
	EndGlobalSection
	GlobalSection(SolutionProperties) = preSolution
		HideSolutionNode = FALSE
	EndGlobalSection
EndGlobal
